
Microsoft Visual Studio Solution File, Format Version 12.00
# Visual Studio Version 16
VisualStudioVersion = 16.0.29123.89
MinimumVisualStudioVersion = 10.0.40219.1
Project("{9A19103F-16F7-4668-BE54-9A1E7A4F7556}") = "CriticalMass.TagNode.Model", "CriticalMass.TagNode.Model\CriticalMass.TagNode.Model.csproj", "{925EE73F-F895-4E65-B46B-1844D11A3A1F}"
EndProject
Project("{9A19103F-16F7-4668-BE54-9A1E7A4F7556}") = "CriticalMass.TagNode.Utility", "CriticalMass.TagNode.Utility\CriticalMass.TagNode.Utility.csproj", "{DCAC79A3-18BF-4AB4-BFBF-059E9CF0C9FC}"
EndProject
Project("{9A19103F-16F7-4668-BE54-9A1E7A4F7556}") = "CriticalMass.TagNode.API", "CriticalMass.TagNode.API\CriticalMass.TagNode.API.csproj", "{7DD7EF15-35DF-4875-AACB-D162C6617187}"
EndProject
Project("{9A19103F-16F7-4668-BE54-9A1E7A4F7556}") = "CriticalMass.TagNode.IRepository", "CriticalMass.TagNode.IRepository\CriticalMass.TagNode.IRepository.csproj", "{E990F87D-5BEC-41A8-A183-7804015A062C}"
EndProject
Project("{9A19103F-16F7-4668-BE54-9A1E7A4F7556}") = "CriticalMass.TagNode.Repository", "CriticalMass.TagNode.Repository\CriticalMass.TagNode.Repository.csproj", "{040DAC5D-2FAD-4D37-AB1F-316C9C6063F2}"
EndProject
Global
	GlobalSection(SolutionConfigurationPlatforms) = preSolution
		Debug|Any CPU = Debug|Any CPU
		Release|Any CPU = Release|Any CPU
	EndGlobalSection
	GlobalSection(ProjectConfigurationPlatforms) = postSolution
		{925EE73F-F895-4E65-B46B-1844D11A3A1F}.Debug|Any CPU.ActiveCfg = Debug|Any CPU
		{925EE73F-F895-4E65-B46B-1844D11A3A1F}.Debug|Any CPU.Build.0 = Debug|Any CPU
		{925EE73F-F895-4E65-B46B-1844D11A3A1F}.Release|Any CPU.ActiveCfg = Release|Any CPU
		{925EE73F-F895-4E65-B46B-1844D11A3A1F}.Release|Any CPU.Build.0 = Release|Any CPU
		{DCAC79A3-18BF-4AB4-BFBF-059E9CF0C9FC}.Debug|Any CPU.ActiveCfg = Debug|Any CPU
		{DCAC79A3-18BF-4AB4-BFBF-059E9CF0C9FC}.Debug|Any CPU.Build.0 = Debug|Any CPU
		{DCAC79A3-18BF-4AB4-BFBF-059E9CF0C9FC}.Release|Any CPU.ActiveCfg = Release|Any CPU
		{DCAC79A3-18BF-4AB4-BFBF-059E9CF0C9FC}.Release|Any CPU.Build.0 = Release|Any CPU
		{7DD7EF15-35DF-4875-AACB-D162C6617187}.Debug|Any CPU.ActiveCfg = Debug|Any CPU
		{7DD7EF15-35DF-4875-AACB-D162C6617187}.Debug|Any CPU.Build.0 = Debug|Any CPU
		{7DD7EF15-35DF-4875-AACB-D162C6617187}.Release|Any CPU.ActiveCfg = Release|Any CPU
		{7DD7EF15-35DF-4875-AACB-D162C6617187}.Release|Any CPU.Build.0 = Release|Any CPU
		{E990F87D-5BEC-41A8-A183-7804015A062C}.Debug|Any CPU.ActiveCfg = Debug|Any CPU
		{E990F87D-5BEC-41A8-A183-7804015A062C}.Debug|Any CPU.Build.0 = Debug|Any CPU
		{E990F87D-5BEC-41A8-A183-7804015A062C}.Release|Any CPU.ActiveCfg = Release|Any CPU
		{E990F87D-5BEC-41A8-A183-7804015A062C}.Release|Any CPU.Build.0 = Release|Any CPU
		{040DAC5D-2FAD-4D37-AB1F-316C9C6063F2}.Debug|Any CPU.ActiveCfg = Debug|Any CPU
		{040DAC5D-2FAD-4D37-AB1F-316C9C6063F2}.Debug|Any CPU.Build.0 = Debug|Any CPU
		{040DAC5D-2FAD-4D37-AB1F-316C9C6063F2}.Release|Any CPU.ActiveCfg = Release|Any CPU
		{040DAC5D-2FAD-4D37-AB1F-316C9C6063F2}.Release|Any CPU.Build.0 = Release|Any CPU
	EndGlobalSection
	GlobalSection(SolutionProperties) = preSolution
		HideSolutionNode = FALSE
	EndGlobalSection
	GlobalSection(ExtensibilityGlobals) = postSolution
		SolutionGuid = {52DE2B07-230C-4630-B831-7B85BAC5A771}
	EndGlobalSection
EndGlobal
